
Microsoft Visual Studio Solution File, Format Version 12.00
# Visual Studio Version 17
VisualStudioVersion = 17.4.33205.214
MinimumVisualStudioVersion = 10.0.40219.1
Project("{2150E333-8FDC-42A3-9474-1A3956D46DE8}") = "SM.Domain", "SM.Domain", "{D91731CA-4420-4F96-8027-0EA1249B0026}"
EndProject
Project("{9A19103F-16F7-4668-BE54-9A1E7A4F7556}") = "ShopManagement.Domain", "ShopManagement.Domain\ShopManagement.Domain.csproj", "{1F7FB1A7-FC4A-42B7-8046-170DF1B016E4}"
EndProject
Project("{9A19103F-16F7-4668-BE54-9A1E7A4F7556}") = "0_FrameWork", "0_FrameWork\0_FrameWork.csproj", "{BC3DA264-1B44-4AD9-9BE0-44D778E37952}"
EndProject
Project("{2150E333-8FDC-42A3-9474-1A3956D46DE8}") = "SM.Application", "SM.Application", "{6C87030A-116B-456E-92FE-EA1DC22D33B0}"
EndProject
Project("{9A19103F-16F7-4668-BE54-9A1E7A4F7556}") = "ShopManagement.Application.Contracts", "ShopManagement.Application.Contracts\ShopManagement.Application.Contracts.csproj", "{718F706B-E38D-4027-949F-B4B065EDC5D1}"
EndProject
Project("{9A19103F-16F7-4668-BE54-9A1E7A4F7556}") = "ShopManagement.Application", "ShopManagement.Application\ShopManagement.Application.csproj", "{2D495F2B-E3C8-4287-991A-EA927CD82DD4}"
EndProject
Project("{2150E333-8FDC-42A3-9474-1A3956D46DE8}") = "SM.Infrastructure", "SM.Infrastructure", "{017FE06C-4E98-47C4-93A0-D346B7B6F8FE}"
EndProject
Project("{9A19103F-16F7-4668-BE54-9A1E7A4F7556}") = "ShopManagementInfrastructure.EFCore", "ShopManagementInfrastructure.EFCore\ShopManagementInfrastructure.EFCore.csproj", "{FCCEEA2F-689B-4DA9-9875-20D2E8309047}"
EndProject
Project("{9A19103F-16F7-4668-BE54-9A1E7A4F7556}") = "ShopManagement.Configuration", "ShopManagement.Configuration\ShopManagement.Configuration.csproj", "{9D739B7D-325B-4091-AAAD-4624EE046FA8}"
EndProject
Project("{2150E333-8FDC-42A3-9474-1A3956D46DE8}") = "ShopManagement", "ShopManagement", "{5DEB02C7-099C-491D-8AA8-CA2F3B1ACB72}"
EndProject
Project("{9A19103F-16F7-4668-BE54-9A1E7A4F7556}") = "ServiceHost", "ServiceHost\ServiceHost.csproj", "{AFD4D45D-E93C-48F3-BECE-BB776F37BBE6}"
EndProject
Project("{9A19103F-16F7-4668-BE54-9A1E7A4F7556}") = "01_Query", "01_Query\01_Query.csproj", "{F1C54EAC-F8ED-4AC4-8864-53D60E523135}"
EndProject
Project("{2150E333-8FDC-42A3-9474-1A3956D46DE8}") = "DiscountManagement", "DiscountManagement", "{D6FBFFFC-8E09-4925-B6B3-384CFD2B7E92}"
EndProject
Project("{2150E333-8FDC-42A3-9474-1A3956D46DE8}") = "DM.Domain", "DM.Domain", "{26DA9D64-5237-41C3-B02B-EDABC8834759}"
EndProject
Project("{9A19103F-16F7-4668-BE54-9A1E7A4F7556}") = "DiscountManagement.Domain", "DiscountManagement.Domain\DiscountManagement.Domain.csproj", "{A70EED69-BAEE-4826-9A96-BF5CA1768920}"
EndProject
Project("{2150E333-8FDC-42A3-9474-1A3956D46DE8}") = "DM.Application", "DM.Application", "{639E2F6A-9612-4824-AA05-B03662F4CAB9}"
EndProject
Project("{9A19103F-16F7-4668-BE54-9A1E7A4F7556}") = "DiscountManagement.Application.Contract", "DiscountManagement.Application.Contract\DiscountManagement.Application.Contract.csproj", "{6568A34E-427C-41D5-98DB-C172E10A05E1}"
EndProject
Project("{9A19103F-16F7-4668-BE54-9A1E7A4F7556}") = "DiscountManagement.Application", "DiscountManagement.Application\DiscountManagement.Application.csproj", "{B26D6525-152B-4CE7-BAEB-5290FB13EF22}"
EndProject
Project("{2150E333-8FDC-42A3-9474-1A3956D46DE8}") = "DM.Infrastructure", "DM.Infrastructure", "{FB9F4848-E3F5-440D-ACE2-D4266AC2C790}"
EndProject
Project("{9A19103F-16F7-4668-BE54-9A1E7A4F7556}") = "DiscountManagement.Infrastructure.EFCore", "DiscountManagement.Infrastructure.EFCode\DiscountManagement.Infrastructure.EFCore.csproj", "{E560CA3D-098A-4714-81E0-400E0F99C1A3}"
EndProject
Project("{9A19103F-16F7-4668-BE54-9A1E7A4F7556}") = "DiscountManagement.Configuration", "DiscountManagement.Configuration\DiscountManagement.Configuration.csproj", "{7DE8556A-0458-413F-A6E1-E851B3569124}"
EndProject
Project("{2150E333-8FDC-42A3-9474-1A3956D46DE8}") = "InventoryManagement", "InventoryManagement", "{2C300208-EE37-468C-9D72-3BD7AB0A0C26}"
EndProject
Project("{2150E333-8FDC-42A3-9474-1A3956D46DE8}") = "IM.Domain", "IM.Domain", "{00258C89-3920-4009-96BC-2DCB8EC247C1}"
EndProject
Project("{9A19103F-16F7-4668-BE54-9A1E7A4F7556}") = "InventoryManagement.Domain", "InventoryManagement.Domain\InventoryManagement.Domain.csproj", "{4BDB4A44-CD8D-4AF6-ADC8-E84B87945557}"
EndProject
Project("{2150E333-8FDC-42A3-9474-1A3956D46DE8}") = "IM.Application", "IM.Application", "{B9CDC382-1AFC-4E38-935D-1F16C25A2BA2}"
EndProject
Project("{9A19103F-16F7-4668-BE54-9A1E7A4F7556}") = "InventoryManagement.Application.Contract", "InventoryManagement.Application.Contracts\InventoryManagement.Application.Contract.csproj", "{7F6D6A0A-085F-4EF8-B5F8-5D67F427FE7B}"
EndProject
Project("{2150E333-8FDC-42A3-9474-1A3956D46DE8}") = "IM.Infrastructure", "IM.Infrastructure", "{A97523E2-6550-4B24-A7FA-D9040F769870}"
EndProject
Project("{9A19103F-16F7-4668-BE54-9A1E7A4F7556}") = "InventoryManagement.Infrastructure.EFCore", "InventoryManagement.Infrastructure.EFCore\InventoryManagement.Infrastructure.EFCore.csproj", "{69DE12B7-CE69-4DD8-B567-3200CE88335E}"
EndProject
Project("{9A19103F-16F7-4668-BE54-9A1E7A4F7556}") = "InventoryManagement.Infrastructure.Configurations", "InventoryManagement.Infrastructure.Configurations\InventoryManagement.Infrastructure.Configurations.csproj", "{9246CB9F-3C5E-400E-91EC-5193C51A4277}"
EndProject
Project("{2150E333-8FDC-42A3-9474-1A3956D46DE8}") = "Solution Items", "Solution Items", "{F9C2CEA8-5D6A-4278-84C1-7B8EF6D9DA4B}"
	ProjectSection(SolutionItems) = preProject
		.editorconfig = .editorconfig
	EndProjectSection
EndProject
Project("{9A19103F-16F7-4668-BE54-9A1E7A4F7556}") = "InventoryManagement.Application", "InventoryManagement.Application\InventoryManagement.Application.csproj", "{544EB2A3-8CBD-4388-B673-3E71660516E2}"
EndProject
Project("{FAE04EC0-301F-11D3-BF4B-00C04F79EFBC}") = "ShopManagement.Infrastructure.InventoryACL", "ShopManagement.Infrastructure.InventoryACL\ShopManagement.Infrastructure.InventoryACL.csproj", "{0C1892C1-6008-4F4D-B6A4-09575CF789D1}"
EndProject
Global
	GlobalSection(SolutionConfigurationPlatforms) = preSolution
		Debug|Any CPU = Debug|Any CPU
		Release|Any CPU = Release|Any CPU
	EndGlobalSection
	GlobalSection(ProjectConfigurationPlatforms) = postSolution
		{1F7FB1A7-FC4A-42B7-8046-170DF1B016E4}.Debug|Any CPU.ActiveCfg = Debug|Any CPU
		{1F7FB1A7-FC4A-42B7-8046-170DF1B016E4}.Debug|Any CPU.Build.0 = Debug|Any CPU
		{1F7FB1A7-FC4A-42B7-8046-170DF1B016E4}.Release|Any CPU.ActiveCfg = Release|Any CPU
		{1F7FB1A7-FC4A-42B7-8046-170DF1B016E4}.Release|Any CPU.Build.0 = Release|Any CPU
		{BC3DA264-1B44-4AD9-9BE0-44D778E37952}.Debug|Any CPU.ActiveCfg = Debug|Any CPU
		{BC3DA264-1B44-4AD9-9BE0-44D778E37952}.Debug|Any CPU.Build.0 = Debug|Any CPU
		{BC3DA264-1B44-4AD9-9BE0-44D778E37952}.Release|Any CPU.ActiveCfg = Release|Any CPU
		{BC3DA264-1B44-4AD9-9BE0-44D778E37952}.Release|Any CPU.Build.0 = Release|Any CPU
		{718F706B-E38D-4027-949F-B4B065EDC5D1}.Debug|Any CPU.ActiveCfg = Debug|Any CPU
		{718F706B-E38D-4027-949F-B4B065EDC5D1}.Debug|Any CPU.Build.0 = Debug|Any CPU
		{718F706B-E38D-4027-949F-B4B065EDC5D1}.Release|Any CPU.ActiveCfg = Release|Any CPU
		{718F706B-E38D-4027-949F-B4B065EDC5D1}.Release|Any CPU.Build.0 = Release|Any CPU
		{2D495F2B-E3C8-4287-991A-EA927CD82DD4}.Debug|Any CPU.ActiveCfg = Debug|Any CPU
		{2D495F2B-E3C8-4287-991A-EA927CD82DD4}.Debug|Any CPU.Build.0 = Debug|Any CPU
		{2D495F2B-E3C8-4287-991A-EA927CD82DD4}.Release|Any CPU.ActiveCfg = Release|Any CPU
		{2D495F2B-E3C8-4287-991A-EA927CD82DD4}.Release|Any CPU.Build.0 = Release|Any CPU
		{FCCEEA2F-689B-4DA9-9875-20D2E8309047}.Debug|Any CPU.ActiveCfg = Debug|Any CPU
		{FCCEEA2F-689B-4DA9-9875-20D2E8309047}.Debug|Any CPU.Build.0 = Debug|Any CPU
		{FCCEEA2F-689B-4DA9-9875-20D2E8309047}.Release|Any CPU.ActiveCfg = Release|Any CPU
		{FCCEEA2F-689B-4DA9-9875-20D2E8309047}.Release|Any CPU.Build.0 = Release|Any CPU
		{9D739B7D-325B-4091-AAAD-4624EE046FA8}.Debug|Any CPU.ActiveCfg = Debug|Any CPU
		{9D739B7D-325B-4091-AAAD-4624EE046FA8}.Debug|Any CPU.Build.0 = Debug|Any CPU
		{9D739B7D-325B-4091-AAAD-4624EE046FA8}.Release|Any CPU.ActiveCfg = Release|Any CPU
		{9D739B7D-325B-4091-AAAD-4624EE046FA8}.Release|Any CPU.Build.0 = Release|Any CPU
		{AFD4D45D-E93C-48F3-BECE-BB776F37BBE6}.Debug|Any CPU.ActiveCfg = Debug|Any CPU
		{AFD4D45D-E93C-48F3-BECE-BB776F37BBE6}.Debug|Any CPU.Build.0 = Debug|Any CPU
		{AFD4D45D-E93C-48F3-BECE-BB776F37BBE6}.Release|Any CPU.ActiveCfg = Release|Any CPU
		{AFD4D45D-E93C-48F3-BECE-BB776F37BBE6}.Release|Any CPU.Build.0 = Release|Any CPU
		{F1C54EAC-F8ED-4AC4-8864-53D60E523135}.Debug|Any CPU.ActiveCfg = Debug|Any CPU
		{F1C54EAC-F8ED-4AC4-8864-53D60E523135}.Debug|Any CPU.Build.0 = Debug|Any CPU
		{F1C54EAC-F8ED-4AC4-8864-53D60E523135}.Release|Any CPU.ActiveCfg = Release|Any CPU
		{F1C54EAC-F8ED-4AC4-8864-53D60E523135}.Release|Any CPU.Build.0 = Release|Any CPU
		{A70EED69-BAEE-4826-9A96-BF5CA1768920}.Debug|Any CPU.ActiveCfg = Debug|Any CPU
		{A70EED69-BAEE-4826-9A96-BF5CA1768920}.Debug|Any CPU.Build.0 = Debug|Any CPU
		{A70EED69-BAEE-4826-9A96-BF5CA1768920}.Release|Any CPU.ActiveCfg = Release|Any CPU
		{A70EED69-BAEE-4826-9A96-BF5CA1768920}.Release|Any CPU.Build.0 = Release|Any CPU
		{6568A34E-427C-41D5-98DB-C172E10A05E1}.Debug|Any CPU.ActiveCfg = Debug|Any CPU
		{6568A34E-427C-41D5-98DB-C172E10A05E1}.Debug|Any CPU.Build.0 = Debug|Any CPU
		{6568A34E-427C-41D5-98DB-C172E10A05E1}.Release|Any CPU.ActiveCfg = Release|Any CPU
		{6568A34E-427C-41D5-98DB-C172E10A05E1}.Release|Any CPU.Build.0 = Release|Any CPU
		{B26D6525-152B-4CE7-BAEB-5290FB13EF22}.Debug|Any CPU.ActiveCfg = Debug|Any CPU
		{B26D6525-152B-4CE7-BAEB-5290FB13EF22}.Debug|Any CPU.Build.0 = Debug|Any CPU
		{B26D6525-152B-4CE7-BAEB-5290FB13EF22}.Release|Any CPU.ActiveCfg = Release|Any CPU
		{B26D6525-152B-4CE7-BAEB-5290FB13EF22}.Release|Any CPU.Build.0 = Release|Any CPU
		{E560CA3D-098A-4714-81E0-400E0F99C1A3}.Debug|Any CPU.ActiveCfg = Debug|Any CPU
		{E560CA3D-098A-4714-81E0-400E0F99C1A3}.Debug|Any CPU.Build.0 = Debug|Any CPU
		{E560CA3D-098A-4714-81E0-400E0F99C1A3}.Release|Any CPU.ActiveCfg = Release|Any CPU
		{E560CA3D-098A-4714-81E0-400E0F99C1A3}.Release|Any CPU.Build.0 = Release|Any CPU
		{7DE8556A-0458-413F-A6E1-E851B3569124}.Debug|Any CPU.ActiveCfg = Debug|Any CPU
		{7DE8556A-0458-413F-A6E1-E851B3569124}.Debug|Any CPU.Build.0 = Debug|Any CPU
		{7DE8556A-0458-413F-A6E1-E851B3569124}.Release|Any CPU.ActiveCfg = Release|Any CPU
		{7DE8556A-0458-413F-A6E1-E851B3569124}.Release|Any CPU.Build.0 = Release|Any CPU
		{4BDB4A44-CD8D-4AF6-ADC8-E84B87945557}.Debug|Any CPU.ActiveCfg = Debug|Any CPU
		{4BDB4A44-CD8D-4AF6-ADC8-E84B87945557}.Debug|Any CPU.Build.0 = Debug|Any CPU
		{4BDB4A44-CD8D-4AF6-ADC8-E84B87945557}.Release|Any CPU.ActiveCfg = Release|Any CPU
		{4BDB4A44-CD8D-4AF6-ADC8-E84B87945557}.Release|Any CPU.Build.0 = Release|Any CPU
		{7F6D6A0A-085F-4EF8-B5F8-5D67F427FE7B}.Debug|Any CPU.ActiveCfg = Debug|Any CPU
		{7F6D6A0A-085F-4EF8-B5F8-5D67F427FE7B}.Debug|Any CPU.Build.0 = Debug|Any CPU
		{7F6D6A0A-085F-4EF8-B5F8-5D67F427FE7B}.Release|Any CPU.ActiveCfg = Release|Any CPU
		{7F6D6A0A-085F-4EF8-B5F8-5D67F427FE7B}.Release|Any CPU.Build.0 = Release|Any CPU
		{69DE12B7-CE69-4DD8-B567-3200CE88335E}.Debug|Any CPU.ActiveCfg = Debug|Any CPU
		{69DE12B7-CE69-4DD8-B567-3200CE88335E}.Debug|Any CPU.Build.0 = Debug|Any CPU
		{69DE12B7-CE69-4DD8-B567-3200CE88335E}.Release|Any CPU.ActiveCfg = Release|Any CPU
		{69DE12B7-CE69-4DD8-B567-3200CE88335E}.Release|Any CPU.Build.0 = Release|Any CPU
		{9246CB9F-3C5E-400E-91EC-5193C51A4277}.Debug|Any CPU.ActiveCfg = Debug|Any CPU
		{9246CB9F-3C5E-400E-91EC-5193C51A4277}.Debug|Any CPU.Build.0 = Debug|Any CPU
		{9246CB9F-3C5E-400E-91EC-5193C51A4277}.Release|Any CPU.ActiveCfg = Release|Any CPU
		{9246CB9F-3C5E-400E-91EC-5193C51A4277}.Release|Any CPU.Build.0 = Release|Any CPU
		{544EB2A3-8CBD-4388-B673-3E71660516E2}.Debug|Any CPU.ActiveCfg = Debug|Any CPU
		{544EB2A3-8CBD-4388-B673-3E71660516E2}.Debug|Any CPU.Build.0 = Debug|Any CPU
		{544EB2A3-8CBD-4388-B673-3E71660516E2}.Release|Any CPU.ActiveCfg = Release|Any CPU
		{544EB2A3-8CBD-4388-B673-3E71660516E2}.Release|Any CPU.Build.0 = Release|Any CPU
		{0C1892C1-6008-4F4D-B6A4-09575CF789D1}.Debug|Any CPU.ActiveCfg = Debug|Any CPU
		{0C1892C1-6008-4F4D-B6A4-09575CF789D1}.Debug|Any CPU.Build.0 = Debug|Any CPU
		{0C1892C1-6008-4F4D-B6A4-09575CF789D1}.Release|Any CPU.ActiveCfg = Release|Any CPU
		{0C1892C1-6008-4F4D-B6A4-09575CF789D1}.Release|Any CPU.Build.0 = Release|Any CPU
	EndGlobalSection
	GlobalSection(SolutionProperties) = preSolution
		HideSolutionNode = FALSE
	EndGlobalSection
	GlobalSection(NestedProjects) = preSolution
		{D91731CA-4420-4F96-8027-0EA1249B0026} = {5DEB02C7-099C-491D-8AA8-CA2F3B1ACB72}
		{1F7FB1A7-FC4A-42B7-8046-170DF1B016E4} = {D91731CA-4420-4F96-8027-0EA1249B0026}
		{6C87030A-116B-456E-92FE-EA1DC22D33B0} = {5DEB02C7-099C-491D-8AA8-CA2F3B1ACB72}
		{718F706B-E38D-4027-949F-B4B065EDC5D1} = {6C87030A-116B-456E-92FE-EA1DC22D33B0}
		{2D495F2B-E3C8-4287-991A-EA927CD82DD4} = {6C87030A-116B-456E-92FE-EA1DC22D33B0}
		{017FE06C-4E98-47C4-93A0-D346B7B6F8FE} = {5DEB02C7-099C-491D-8AA8-CA2F3B1ACB72}
		{FCCEEA2F-689B-4DA9-9875-20D2E8309047} = {017FE06C-4E98-47C4-93A0-D346B7B6F8FE}
		{9D739B7D-325B-4091-AAAD-4624EE046FA8} = {017FE06C-4E98-47C4-93A0-D346B7B6F8FE}
		{26DA9D64-5237-41C3-B02B-EDABC8834759} = {D6FBFFFC-8E09-4925-B6B3-384CFD2B7E92}
		{A70EED69-BAEE-4826-9A96-BF5CA1768920} = {26DA9D64-5237-41C3-B02B-EDABC8834759}
		{639E2F6A-9612-4824-AA05-B03662F4CAB9} = {D6FBFFFC-8E09-4925-B6B3-384CFD2B7E92}
		{6568A34E-427C-41D5-98DB-C172E10A05E1} = {639E2F6A-9612-4824-AA05-B03662F4CAB9}
		{B26D6525-152B-4CE7-BAEB-5290FB13EF22} = {639E2F6A-9612-4824-AA05-B03662F4CAB9}
		{FB9F4848-E3F5-440D-ACE2-D4266AC2C790} = {D6FBFFFC-8E09-4925-B6B3-384CFD2B7E92}
		{E560CA3D-098A-4714-81E0-400E0F99C1A3} = {FB9F4848-E3F5-440D-ACE2-D4266AC2C790}
		{7DE8556A-0458-413F-A6E1-E851B3569124} = {FB9F4848-E3F5-440D-ACE2-D4266AC2C790}
		{00258C89-3920-4009-96BC-2DCB8EC247C1} = {2C300208-EE37-468C-9D72-3BD7AB0A0C26}
		{4BDB4A44-CD8D-4AF6-ADC8-E84B87945557} = {00258C89-3920-4009-96BC-2DCB8EC247C1}
		{B9CDC382-1AFC-4E38-935D-1F16C25A2BA2} = {2C300208-EE37-468C-9D72-3BD7AB0A0C26}
		{7F6D6A0A-085F-4EF8-B5F8-5D67F427FE7B} = {B9CDC382-1AFC-4E38-935D-1F16C25A2BA2}
		{A97523E2-6550-4B24-A7FA-D9040F769870} = {2C300208-EE37-468C-9D72-3BD7AB0A0C26}
		{69DE12B7-CE69-4DD8-B567-3200CE88335E} = {A97523E2-6550-4B24-A7FA-D9040F769870}
		{9246CB9F-3C5E-400E-91EC-5193C51A4277} = {A97523E2-6550-4B24-A7FA-D9040F769870}
		{544EB2A3-8CBD-4388-B673-3E71660516E2} = {B9CDC382-1AFC-4E38-935D-1F16C25A2BA2}
		{0C1892C1-6008-4F4D-B6A4-09575CF789D1} = {017FE06C-4E98-47C4-93A0-D346B7B6F8FE}
	EndGlobalSection
	GlobalSection(ExtensibilityGlobals) = postSolution
		SolutionGuid = {D2EDEA34-9F81-4CA1-96B2-2A9483845BD9}
	EndGlobalSection
EndGlobal
