
Microsoft Visual Studio Solution File, Format Version 12.00
# Visual Studio Version 17
VisualStudioVersion = 17.4.33205.214
MinimumVisualStudioVersion = 10.0.40219.1
Project("{2150E333-8FDC-42A3-9474-1A3956D46DE8}") = "SM.Domain", "SM.Domain", "{D91731CA-4420-4F96-8027-0EA1249B0026}"
EndProject
Project("{9A19103F-16F7-4668-BE54-9A1E7A4F7556}") = "ShopManagement.Domain", "ShopManagement.Domain\ShopManagement.Domain.csproj", "{1F7FB1A7-FC4A-42B7-8046-170DF1B016E4}"
EndProject
Project("{9A19103F-16F7-4668-BE54-9A1E7A4F7556}") = "0_FrameWork", "0_FrameWork\0_FrameWork.csproj", "{BC3DA264-1B44-4AD9-9BE0-44D778E37952}"
EndProject
Project("{2150E333-8FDC-42A3-9474-1A3956D46DE8}") = "SM.Application", "SM.Application", "{6C87030A-116B-456E-92FE-EA1DC22D33B0}"
EndProject
Project("{9A19103F-16F7-4668-BE54-9A1E7A4F7556}") = "ShopManagement.Application.Contracts", "ShopManagement.Application.Contracts\ShopManagement.Application.Contracts.csproj", "{718F706B-E38D-4027-949F-B4B065EDC5D1}"
EndProject
Project("{9A19103F-16F7-4668-BE54-9A1E7A4F7556}") = "ShopManagement.Application", "ShopManagement.Application\ShopManagement.Application.csproj", "{2D495F2B-E3C8-4287-991A-EA927CD82DD4}"
EndProject
Project("{2150E333-8FDC-42A3-9474-1A3956D46DE8}") = "SM.Infrastructure", "SM.Infrastructure", "{017FE06C-4E98-47C4-93A0-D346B7B6F8FE}"
EndProject
Project("{9A19103F-16F7-4668-BE54-9A1E7A4F7556}") = "ShopManagementInfrastructure.EFCore", "ShopManagementInfrastructure.EFCore\ShopManagementInfrastructure.EFCore.csproj", "{FCCEEA2F-689B-4DA9-9875-20D2E8309047}"
EndProject
Project("{9A19103F-16F7-4668-BE54-9A1E7A4F7556}") = "ShopManagement.Configuration", "ShopManagement.Configuration\ShopManagement.Configuration.csproj", "{9D739B7D-325B-4091-AAAD-4624EE046FA8}"
EndProject
Project("{2150E333-8FDC-42A3-9474-1A3956D46DE8}") = "ShopManagement", "ShopManagement", "{5DEB02C7-099C-491D-8AA8-CA2F3B1ACB72}"
EndProject
Global
	GlobalSection(SolutionConfigurationPlatforms) = preSolution
		Debug|Any CPU = Debug|Any CPU
		Release|Any CPU = Release|Any CPU
	EndGlobalSection
	GlobalSection(ProjectConfigurationPlatforms) = postSolution
		{1F7FB1A7-FC4A-42B7-8046-170DF1B016E4}.Debug|Any CPU.ActiveCfg = Debug|Any CPU
		{1F7FB1A7-FC4A-42B7-8046-170DF1B016E4}.Debug|Any CPU.Build.0 = Debug|Any CPU
		{1F7FB1A7-FC4A-42B7-8046-170DF1B016E4}.Release|Any CPU.ActiveCfg = Release|Any CPU
		{1F7FB1A7-FC4A-42B7-8046-170DF1B016E4}.Release|Any CPU.Build.0 = Release|Any CPU
		{BC3DA264-1B44-4AD9-9BE0-44D778E37952}.Debug|Any CPU.ActiveCfg = Debug|Any CPU
		{BC3DA264-1B44-4AD9-9BE0-44D778E37952}.Debug|Any CPU.Build.0 = Debug|Any CPU
		{BC3DA264-1B44-4AD9-9BE0-44D778E37952}.Release|Any CPU.ActiveCfg = Release|Any CPU
		{BC3DA264-1B44-4AD9-9BE0-44D778E37952}.Release|Any CPU.Build.0 = Release|Any CPU
		{718F706B-E38D-4027-949F-B4B065EDC5D1}.Debug|Any CPU.ActiveCfg = Debug|Any CPU
		{718F706B-E38D-4027-949F-B4B065EDC5D1}.Debug|Any CPU.Build.0 = Debug|Any CPU
		{718F706B-E38D-4027-949F-B4B065EDC5D1}.Release|Any CPU.ActiveCfg = Release|Any CPU
		{718F706B-E38D-4027-949F-B4B065EDC5D1}.Release|Any CPU.Build.0 = Release|Any CPU
		{2D495F2B-E3C8-4287-991A-EA927CD82DD4}.Debug|Any CPU.ActiveCfg = Debug|Any CPU
		{2D495F2B-E3C8-4287-991A-EA927CD82DD4}.Debug|Any CPU.Build.0 = Debug|Any CPU
		{2D495F2B-E3C8-4287-991A-EA927CD82DD4}.Release|Any CPU.ActiveCfg = Release|Any CPU
		{2D495F2B-E3C8-4287-991A-EA927CD82DD4}.Release|Any CPU.Build.0 = Release|Any CPU
		{FCCEEA2F-689B-4DA9-9875-20D2E8309047}.Debug|Any CPU.ActiveCfg = Debug|Any CPU
		{FCCEEA2F-689B-4DA9-9875-20D2E8309047}.Debug|Any CPU.Build.0 = Debug|Any CPU
		{FCCEEA2F-689B-4DA9-9875-20D2E8309047}.Release|Any CPU.ActiveCfg = Release|Any CPU
		{FCCEEA2F-689B-4DA9-9875-20D2E8309047}.Release|Any CPU.Build.0 = Release|Any CPU
		{9D739B7D-325B-4091-AAAD-4624EE046FA8}.Debug|Any CPU.ActiveCfg = Debug|Any CPU
		{9D739B7D-325B-4091-AAAD-4624EE046FA8}.Debug|Any CPU.Build.0 = Debug|Any CPU
		{9D739B7D-325B-4091-AAAD-4624EE046FA8}.Release|Any CPU.ActiveCfg = Release|Any CPU
		{9D739B7D-325B-4091-AAAD-4624EE046FA8}.Release|Any CPU.Build.0 = Release|Any CPU
	EndGlobalSection
	GlobalSection(SolutionProperties) = preSolution
		HideSolutionNode = FALSE
	EndGlobalSection
	GlobalSection(NestedProjects) = preSolution
		{D91731CA-4420-4F96-8027-0EA1249B0026} = {5DEB02C7-099C-491D-8AA8-CA2F3B1ACB72}
		{1F7FB1A7-FC4A-42B7-8046-170DF1B016E4} = {D91731CA-4420-4F96-8027-0EA1249B0026}
		{6C87030A-116B-456E-92FE-EA1DC22D33B0} = {5DEB02C7-099C-491D-8AA8-CA2F3B1ACB72}
		{718F706B-E38D-4027-949F-B4B065EDC5D1} = {6C87030A-116B-456E-92FE-EA1DC22D33B0}
		{2D495F2B-E3C8-4287-991A-EA927CD82DD4} = {6C87030A-116B-456E-92FE-EA1DC22D33B0}
		{017FE06C-4E98-47C4-93A0-D346B7B6F8FE} = {5DEB02C7-099C-491D-8AA8-CA2F3B1ACB72}
		{FCCEEA2F-689B-4DA9-9875-20D2E8309047} = {017FE06C-4E98-47C4-93A0-D346B7B6F8FE}
		{9D739B7D-325B-4091-AAAD-4624EE046FA8} = {017FE06C-4E98-47C4-93A0-D346B7B6F8FE}
	EndGlobalSection
	GlobalSection(ExtensibilityGlobals) = postSolution
		SolutionGuid = {D2EDEA34-9F81-4CA1-96B2-2A9483845BD9}
	EndGlobalSection
EndGlobal
